
Microsoft Visual Studio Solution File, Format Version 12.00
# Visual Studio Version 16
VisualStudioVersion = 16.0.30907.101
MinimumVisualStudioVersion = 10.0.40219.1
Project("{9A19103F-16F7-4668-BE54-9A1E7A4F7556}") = "Diffs", "Diffs.csproj", "{DBB54978-242F-4A05-BAB9-52289BD418D5}"
EndProject
Project("{FAE04EC0-301F-11D3-BF4B-00C04F79EFBC}") = "Diffs.Test", "..\test\Diffs.Test.csproj", "{3CE2D8D3-C4FD-4AFF-BC85-877BE39AB7DC}"
EndProject
Global
	GlobalSection(SolutionConfigurationPlatforms) = preSolution
		Debug|Any CPU = Debug|Any CPU
		Release|Any CPU = Release|Any CPU
	EndGlobalSection
	GlobalSection(ProjectConfigurationPlatforms) = postSolution
		{DBB54978-242F-4A05-BAB9-52289BD418D5}.Debug|Any CPU.ActiveCfg = Debug|Any CPU
		{DBB54978-242F-4A05-BAB9-52289BD418D5}.Debug|Any CPU.Build.0 = Debug|Any CPU
		{DBB54978-242F-4A05-BAB9-52289BD418D5}.Release|Any CPU.ActiveCfg = Release|Any CPU
		{DBB54978-242F-4A05-BAB9-52289BD418D5}.Release|Any CPU.Build.0 = Release|Any CPU
		{3CE2D8D3-C4FD-4AFF-BC85-877BE39AB7DC}.Debug|Any CPU.ActiveCfg = Debug|Any CPU
		{3CE2D8D3-C4FD-4AFF-BC85-877BE39AB7DC}.Debug|Any CPU.Build.0 = Debug|Any CPU
		{3CE2D8D3-C4FD-4AFF-BC85-877BE39AB7DC}.Release|Any CPU.ActiveCfg = Release|Any CPU
		{3CE2D8D3-C4FD-4AFF-BC85-877BE39AB7DC}.Release|Any CPU.Build.0 = Release|Any CPU
	EndGlobalSection
	GlobalSection(SolutionProperties) = preSolution
		HideSolutionNode = FALSE
	EndGlobalSection
	GlobalSection(ExtensibilityGlobals) = postSolution
		SolutionGuid = {41EC217A-517E-4FE6-87C1-9539A0B4435D}
	EndGlobalSection
EndGlobal
